// !$*UTF8*$!
{
	archiveVersion = 1;
	classes = {
	};
	objectVersion = 46;
	objects = {

/* Begin PBXBuildFile section */
		D610C9CC1CFAD9A000279D28 /* AppDelegate.swift in Sources */ = {isa = PBXBuildFile; fileRef = D610C9CB1CFAD9A000279D28 /* AppDelegate.swift */; };
		D610C9D11CFAD9A000279D28 /* Main.storyboard in Resources */ = {isa = PBXBuildFile; fileRef = D610C9CF1CFAD9A000279D28 /* Main.storyboard */; };
		D610C9D31CFAD9A000279D28 /* Assets.xcassets in Resources */ = {isa = PBXBuildFile; fileRef = D610C9D21CFAD9A000279D28 /* Assets.xcassets */; };
		D610C9D61CFAD9A000279D28 /* LaunchScreen.storyboard in Resources */ = {isa = PBXBuildFile; fileRef = D610C9D41CFAD9A000279D28 /* LaunchScreen.storyboard */; };
		D610C9E61CFADC4D00279D28 /* MasterViewController.swift in Sources */ = {isa = PBXBuildFile; fileRef = D610C9E51CFADC4D00279D28 /* MasterViewController.swift */; };
		D610C9E81CFADCA400279D28 /* OrderedDictionary.swift in Sources */ = {isa = PBXBuildFile; fileRef = D610C9E71CFADCA400279D28 /* OrderedDictionary.swift */; };
		D610C9EA1CFADDA400279D28 /* Flickr.swift in Sources */ = {isa = PBXBuildFile; fileRef = D610C9E91CFADDA400279D28 /* Flickr.swift */; };
		D610C9EE1CFAF9D400279D28 /* JSON.swift in Sources */ = {isa = PBXBuildFile; fileRef = D610C9ED1CFAF9D400279D28 /* JSON.swift */; };
		D610C9F01CFC0F3A00279D28 /* DetailViewController.swift in Sources */ = {isa = PBXBuildFile; fileRef = D610C9EF1CFC0F3A00279D28 /* DetailViewController.swift */; };
/* End PBXBuildFile section */

/* Begin PBXFileReference section */
		D610C9C81CFAD9A000279D28 /* SwiftFlickrSearcher1.app */ = {isa = PBXFileReference; explicitFileType = wrapper.application; includeInIndex = 0; path = SwiftFlickrSearcher1.app; sourceTree = BUILT_PRODUCTS_DIR; };
		D610C9CB1CFAD9A000279D28 /* AppDelegate.swift */ = {isa = PBXFileReference; lastKnownFileType = sourcecode.swift; path = AppDelegate.swift; sourceTree = "<group>"; };
		D610C9D01CFAD9A000279D28 /* Base */ = {isa = PBXFileReference; lastKnownFileType = file.storyboard; name = Base; path = Base.lproj/Main.storyboard; sourceTree = "<group>"; };
		D610C9D21CFAD9A000279D28 /* Assets.xcassets */ = {isa = PBXFileReference; lastKnownFileType = folder.assetcatalog; path = Assets.xcassets; sourceTree = "<group>"; };
		D610C9D51CFAD9A000279D28 /* Base */ = {isa = PBXFileReference; lastKnownFileType = file.storyboard; name = Base; path = Base.lproj/LaunchScreen.storyboard; sourceTree = "<group>"; };
		D610C9D71CFAD9A000279D28 /* Info.plist */ = {isa = PBXFileReference; lastKnownFileType = text.plist.xml; path = Info.plist; sourceTree = "<group>"; };
		D610C9E51CFADC4D00279D28 /* MasterViewController.swift */ = {isa = PBXFileReference; fileEncoding = 4; lastKnownFileType = sourcecode.swift; path = MasterViewController.swift; sourceTree = "<group>"; };
		D610C9E71CFADCA400279D28 /* OrderedDictionary.swift */ = {isa = PBXFileReference; fileEncoding = 4; lastKnownFileType = sourcecode.swift; path = OrderedDictionary.swift; sourceTree = "<group>"; };
		D610C9E91CFADDA400279D28 /* Flickr.swift */ = {isa = PBXFileReference; fileEncoding = 4; lastKnownFileType = sourcecode.swift; path = Flickr.swift; sourceTree = "<group>"; };
		D610C9ED1CFAF9D400279D28 /* JSON.swift */ = {isa = PBXFileReference; fileEncoding = 4; lastKnownFileType = sourcecode.swift; path = JSON.swift; sourceTree = "<group>"; };
		D610C9EF1CFC0F3A00279D28 /* DetailViewController.swift */ = {isa = PBXFileReference; fileEncoding = 4; lastKnownFileType = sourcecode.swift; path = DetailViewController.swift; sourceTree = "<group>"; };
/* End PBXFileReference section */

/* Begin PBXFrameworksBuildPhase section */
		D610C9C51CFAD9A000279D28 /* Frameworks */ = {
			isa = PBXFrameworksBuildPhase;
			buildActionMask = 2147483647;
			files = (
			);
			runOnlyForDeploymentPostprocessing = 0;
		};
/* End PBXFrameworksBuildPhase section */

/* Begin PBXGroup section */
		D610C9BF1CFAD9A000279D28 = {
			isa = PBXGroup;
			children = (
				D610C9CA1CFAD9A000279D28 /* SwiftFlickrSearcher1 */,
				D610C9C91CFAD9A000279D28 /* Products */,
			);
			sourceTree = "<group>";
		};
		D610C9C91CFAD9A000279D28 /* Products */ = {
			isa = PBXGroup;
			children = (
				D610C9C81CFAD9A000279D28 /* SwiftFlickrSearcher1.app */,
			);
			name = Products;
			sourceTree = "<group>";
		};
		D610C9CA1CFAD9A000279D28 /* SwiftFlickrSearcher1 */ = {
			isa = PBXGroup;
			children = (
				D610C9E41CFADBF500279D28 /* ViewControllers */,
				D610C9E31CFADBF400279D28 /* Views */,
				D610C9E21CFADBF300279D28 /* Models */,
				D610C9E11CFADBF200279D28 /* Storyboards & Xibs */,
				D610C9E01CFADBF000279D28 /* Assets */,
				D610C9DF1CFADBEF00279D28 /* Others */,
				D610C9DE1CFADBED00279D28 /* Protocols */,
				D610C9DD1CFADBE900279D28 /* 3rdParty */,
			);
			path = SwiftFlickrSearcher1;
			sourceTree = "<group>";
		};
		D610C9DD1CFADBE900279D28 /* 3rdParty */ = {
			isa = PBXGroup;
			children = (
			);
			name = 3rdParty;
			sourceTree = "<group>";
		};
		D610C9DE1CFADBED00279D28 /* Protocols */ = {
			isa = PBXGroup;
			children = (
			);
			name = Protocols;
			sourceTree = "<group>";
		};
		D610C9DF1CFADBEF00279D28 /* Others */ = {
			isa = PBXGroup;
			children = (
			);
			name = Others;
			sourceTree = "<group>";
		};
		D610C9E01CFADBF000279D28 /* Assets */ = {
			isa = PBXGroup;
			children = (
				D610C9D71CFAD9A000279D28 /* Info.plist */,
				D610C9D21CFAD9A000279D28 /* Assets.xcassets */,
			);
			name = Assets;
			sourceTree = "<group>";
		};
		D610C9E11CFADBF200279D28 /* Storyboards & Xibs */ = {
			isa = PBXGroup;
			children = (
				D610C9D41CFAD9A000279D28 /* LaunchScreen.storyboard */,
				D610C9CF1CFAD9A000279D28 /* Main.storyboard */,
			);
			name = "Storyboards & Xibs";
			sourceTree = "<group>";
		};
		D610C9E21CFADBF300279D28 /* Models */ = {
			isa = PBXGroup;
			children = (
				D610C9E71CFADCA400279D28 /* OrderedDictionary.swift */,
				D610C9E91CFADDA400279D28 /* Flickr.swift */,
				D610C9ED1CFAF9D400279D28 /* JSON.swift */,
			);
			name = Models;
			sourceTree = "<group>";
		};
		D610C9E31CFADBF400279D28 /* Views */ = {
			isa = PBXGroup;
			children = (
				D610C9CB1CFAD9A000279D28 /* AppDelegate.swift */,
			);
			name = Views;
			sourceTree = "<group>";
		};
		D610C9E41CFADBF500279D28 /* ViewControllers */ = {
			isa = PBXGroup;
			children = (
				D610C9E51CFADC4D00279D28 /* MasterViewController.swift */,
				D610C9EF1CFC0F3A00279D28 /* DetailViewController.swift */,
			);
			name = ViewControllers;
			sourceTree = "<group>";
		};
/* End PBXGroup section */

/* Begin PBXNativeTarget section */
		D610C9C71CFAD9A000279D28 /* SwiftFlickrSearcher1 */ = {
			isa = PBXNativeTarget;
			buildConfigurationList = D610C9DA1CFAD9A000279D28 /* Build configuration list for PBXNativeTarget "SwiftFlickrSearcher1" */;
			buildPhases = (
				D610C9C41CFAD9A000279D28 /* Sources */,
				D610C9C51CFAD9A000279D28 /* Frameworks */,
				D610C9C61CFAD9A000279D28 /* Resources */,
			);
			buildRules = (
			);
			dependencies = (
			);
			name = SwiftFlickrSearcher1;
			productName = SwiftFlickrSearcher1;
			productReference = D610C9C81CFAD9A000279D28 /* SwiftFlickrSearcher1.app */;
			productType = "com.apple.product-type.application";
		};
/* End PBXNativeTarget section */

/* Begin PBXProject section */
		D610C9C01CFAD9A000279D28 /* Project object */ = {
			isa = PBXProject;
			attributes = {
				LastSwiftUpdateCheck = 0730;
				LastUpgradeCheck = 0730;
				ORGANIZATIONNAME = "suraj poudel";
				TargetAttributes = {
					D610C9C71CFAD9A000279D28 = {
						CreatedOnToolsVersion = 7.3;
					};
				};
			};
			buildConfigurationList = D610C9C31CFAD9A000279D28 /* Build configuration list for PBXProject "SwiftFlickrSearcher1" */;
			compatibilityVersion = "Xcode 3.2";
			developmentRegion = English;
			hasScannedForEncodings = 0;
			knownRegions = (
				en,
				Base,
			);
			mainGroup = D610C9BF1CFAD9A000279D28;
			productRefGroup = D610C9C91CFAD9A000279D28 /* Products */;
			projectDirPath = "";
			projectRoot = "";
			targets = (
				D610C9C71CFAD9A000279D28 /* SwiftFlickrSearcher1 */,
			);
		};
/* End PBXProject section */

/* Begin PBXResourcesBuildPhase section */
		D610C9C61CFAD9A000279D28 /* Resources */ = {
			isa = PBXResourcesBuildPhase;
			buildActionMask = 2147483647;
			files = (
				D610C9D61CFAD9A000279D28 /* LaunchScreen.storyboard in Resources */,
				D610C9D31CFAD9A000279D28 /* Assets.xcassets in Resources */,
				D610C9D11CFAD9A000279D28 /* Main.storyboard in Resources */,
			);
			runOnlyForDeploymentPostprocessing = 0;
		};
/* End PBXResourcesBuildPhase section */

/* Begin PBXSourcesBuildPhase section */
		D610C9C41CFAD9A000279D28 /* Sources */ = {
			isa = PBXSourcesBuildPhase;
			buildActionMask = 2147483647;
			files = (
				D610C9E81CFADCA400279D28 /* OrderedDictionary.swift in Sources */,
				D610C9EE1CFAF9D400279D28 /* JSON.swift in Sources */,
				D610C9E61CFADC4D00279D28 /* MasterViewController.swift in Sources */,
				D610C9F01CFC0F3A00279D28 /* DetailViewController.swift in Sources */,
				D610C9EA1CFADDA400279D28 /* Flickr.swift in Sources */,
				D610C9CC1CFAD9A000279D28 /* AppDelegate.swift in Sources */,
			);
			runOnlyForDeploymentPostprocessing = 0;
		};
/* End PBXSourcesBuildPhase section */

/* Begin PBXVariantGroup section */
		D610C9CF1CFAD9A000279D28 /* Main.storyboard */ = {
			isa = PBXVariantGroup;
			children = (
				D610C9D01CFAD9A000279D28 /* Base */,
			);
			name = Main.storyboard;
			sourceTree = "<group>";
		};
		D610C9D41CFAD9A000279D28 /* LaunchScreen.storyboard */ = {
			isa = PBXVariantGroup;
			children = (
				D610C9D51CFAD9A000279D28 /* Base */,
			);
			name = LaunchScreen.storyboard;
			sourceTree = "<group>";
		};
/* End PBXVariantGroup section */

/* Begin XCBuildConfiguration section */
		D610C9D81CFAD9A000279D28 /* Debug */ = {
			isa = XCBuildConfiguration;
			buildSettings = {
				ALWAYS_SEARCH_USER_PATHS = NO;
				CLANG_ANALYZER_NONNULL = YES;
				CLANG_CXX_LANGUAGE_STANDARD = "gnu++0x";
				CLANG_CXX_LIBRARY = "libc++";
				CLANG_ENABLE_MODULES = YES;
				CLANG_ENABLE_OBJC_ARC = YES;
				CLANG_WARN_BOOL_CONVERSION = YES;
				CLANG_WARN_CONSTANT_CONVERSION = YES;
				CLANG_WARN_DIRECT_OBJC_ISA_USAGE = YES_ERROR;
				CLANG_WARN_EMPTY_BODY = YES;
				CLANG_WARN_ENUM_CONVERSION = YES;
				CLANG_WARN_INT_CONVERSION = YES;
				CLANG_WARN_OBJC_ROOT_CLASS = YES_ERROR;
				CLANG_WARN_UNREACHABLE_CODE = YES;
				CLANG_WARN__DUPLICATE_METHOD_MATCH = YES;
				"CODE_SIGN_IDENTITY[sdk=iphoneos*]" = "iPhone Developer";
				COPY_PHASE_STRIP = NO;
				DEBUG_INFORMATION_FORMAT = dwarf;
				ENABLE_STRICT_OBJC_MSGSEND = YES;
				ENABLE_TESTABILITY = YES;
				GCC_C_LANGUAGE_STANDARD = gnu99;
				GCC_DYNAMIC_NO_PIC = NO;
				GCC_NO_COMMON_BLOCKS = YES;
				GCC_OPTIMIZATION_LEVEL = 0;
				GCC_PREPROCESSOR_DEFINITIONS = (
					"DEBUG=1",
					"$(inherited)",
				);
				GCC_WARN_64_TO_32_BIT_CONVERSION = YES;
				GCC_WARN_ABOUT_RETURN_TYPE = YES_ERROR;
				GCC_WARN_UNDECLARED_SELECTOR = YES;
				GCC_WARN_UNINITIALIZED_AUTOS = YES_AGGRESSIVE;
				GCC_WARN_UNUSED_FUNCTION = YES;
				GCC_WARN_UNUSED_VARIABLE = YES;
				IPHONEOS_DEPLOYMENT_TARGET = 9.3;
				MTL_ENABLE_DEBUG_INFO = YES;
				ONLY_ACTIVE_ARCH = YES;
				SDKROOT = iphoneos;
				SWIFT_OPTIMIZATION_LEVEL = "-Onone";
			};
			name = Debug;
		};
		D610C9D91CFAD9A000279D28 /* Release */ = {
			isa = XCBuildConfiguration;
			buildSettings = {
				ALWAYS_SEARCH_USER_PATHS = NO;
				CLANG_ANALYZER_NONNULL = YES;
				CLANG_CXX_LANGUAGE_STANDARD = "gnu++0x";
				CLANG_CXX_LIBRARY = "libc++";
				CLANG_ENABLE_MODULES = YES;
				CLANG_ENABLE_OBJC_ARC = YES;
				CLANG_WARN_BOOL_CONVERSION = YES;
				CLANG_WARN_CONSTANT_CONVERSION = YES;
				CLANG_WARN_DIRECT_OBJC_ISA_USAGE = YES_ERROR;
				CLANG_WARN_EMPTY_BODY = YES;
				CLANG_WARN_ENUM_CONVERSION = YES;
				CLANG_WARN_INT_CONVERSION = YES;
				CLANG_WARN_OBJC_ROOT_CLASS = YES_ERROR;
				CLANG_WARN_UNREACHABLE_CODE = YES;
				CLANG_WARN__DUPLICATE_METHOD_MATCH = YES;
				"CODE_SIGN_IDENTITY[sdk=iphoneos*]" = "iPhone Developer";
				COPY_PHASE_STRIP = NO;
				DEBUG_INFORMATION_FORMAT = "dwarf-with-dsym";
				ENABLE_NS_ASSERTIONS = NO;
				ENABLE_STRICT_OBJC_MSGSEND = YES;
				GCC_C_LANGUAGE_STANDARD = gnu99;
				GCC_NO_COMMON_BLOCKS = YES;
				GCC_WARN_64_TO_32_BIT_CONVERSION = YES;
				GCC_WARN_ABOUT_RETURN_TYPE = YES_ERROR;
				GCC_WARN_UNDECLARED_SELECTOR = YES;
				GCC_WARN_UNINITIALIZED_AUTOS = YES_AGGRESSIVE;
				GCC_WARN_UNUSED_FUNCTION = YES;
				GCC_WARN_UNUSED_VARIABLE = YES;
				IPHONEOS_DEPLOYMENT_TARGET = 9.3;
				MTL_ENABLE_DEBUG_INFO = NO;
				SDKROOT = iphoneos;
				VALIDATE_PRODUCT = YES;
			};
			name = Release;
		};
		D610C9DB1CFAD9A000279D28 /* Debug */ = {
			isa = XCBuildConfiguration;
			buildSettings = {
				ASSETCATALOG_COMPILER_APPICON_NAME = AppIcon;
				INFOPLIST_FILE = SwiftFlickrSearcher1/Info.plist;
				LD_RUNPATH_SEARCH_PATHS = "$(inherited) @executable_path/Frameworks";
				PRODUCT_BUNDLE_IDENTIFIER = pyroTech.SwiftFlickrSearcher1;
				PRODUCT_NAME = "$(TARGET_NAME)";
			};
			name = Debug;
		};
		D610C9DC1CFAD9A000279D28 /* Release */ = {
			isa = XCBuildConfiguration;
			buildSettings = {
				ASSETCATALOG_COMPILER_APPICON_NAME = AppIcon;
				INFOPLIST_FILE = SwiftFlickrSearcher1/Info.plist;
				LD_RUNPATH_SEARCH_PATHS = "$(inherited) @executable_path/Frameworks";
				PRODUCT_BUNDLE_IDENTIFIER = pyroTech.SwiftFlickrSearcher1;
				PRODUCT_NAME = "$(TARGET_NAME)";
			};
			name = Release;
		};
/* End XCBuildConfiguration section */

/* Begin XCConfigurationList section */
		D610C9C31CFAD9A000279D28 /* Build configuration list for PBXProject "SwiftFlickrSearcher1" */ = {
			isa = XCConfigurationList;
			buildConfigurations = (
				D610C9D81CFAD9A000279D28 /* Debug */,
				D610C9D91CFAD9A000279D28 /* Release */,
			);
			defaultConfigurationIsVisible = 0;
			defaultConfigurationName = Release;
		};
		D610C9DA1CFAD9A000279D28 /* Build configuration list for PBXNativeTarget "SwiftFlickrSearcher1" */ = {
			isa = XCConfigurationList;
			buildConfigurations = (
				D610C9DB1CFAD9A000279D28 /* Debug */,
				D610C9DC1CFAD9A000279D28 /* Release */,
			);
			defaultConfigurationIsVisible = 0;
		};
/* End XCConfigurationList section */
	};
	rootObject = D610C9C01CFAD9A000279D28 /* Project object */;
}
